
Microsoft Visual Studio Solution File, Format Version 12.00
# Visual Studio Version 16
VisualStudioVersion = 16.0.29911.98
MinimumVisualStudioVersion = 10.0.40219.1
Project("{FAE04EC0-301F-11D3-BF4B-00C04F79EFBC}") = "MediatorDemo", "MediatorDemo\MediatorDemo.csproj", "{BE2EA97C-2B89-4B8B-8DEC-881AF88D2670}"
EndProject
Global
	GlobalSection(SolutionConfigurationPlatforms) = preSolution
		Debug|Any CPU = Debug|Any CPU
		Release|Any CPU = Release|Any CPU
	EndGlobalSection
	GlobalSection(ProjectConfigurationPlatforms) = postSolution
		{BE2EA97C-2B89-4B8B-8DEC-881AF88D2670}.Debug|Any CPU.ActiveCfg = Debug|Any CPU
		{BE2EA97C-2B89-4B8B-8DEC-881AF88D2670}.Debug|Any CPU.Build.0 = Debug|Any CPU
		{BE2EA97C-2B89-4B8B-8DEC-881AF88D2670}.Release|Any CPU.ActiveCfg = Release|Any CPU
		{BE2EA97C-2B89-4B8B-8DEC-881AF88D2670}.Release|Any CPU.Build.0 = Release|Any CPU
	EndGlobalSection
	GlobalSection(SolutionProperties) = preSolution
		HideSolutionNode = FALSE
	EndGlobalSection
	GlobalSection(ExtensibilityGlobals) = postSolution
		SolutionGuid = {33F820E3-6B95-4B73-A6B6-AE838F787713}
	EndGlobalSection
EndGlobal
