
Microsoft Visual Studio Solution File, Format Version 12.00
# Visual Studio Version 16
VisualStudioVersion = 16.0.29911.98
MinimumVisualStudioVersion = 10.0.40219.1
Project("{9A19103F-16F7-4668-BE54-9A1E7A4F7556}") = "MediatorDemo", "MediatorDemo\MediatorDemo.csproj", "{BE2EA97C-2B89-4B8B-8DEC-881AF88D2670}"
EndProject
Project("{2150E333-8FDC-42A3-9474-1A3956D46DE8}") = "Mediator", "Mediator", "{7E28FBBD-9972-41A2-95FA-000D5FF31112}"
EndProject
Project("{9A19103F-16F7-4668-BE54-9A1E7A4F7556}") = "MediatorFormDemo", "MediatorFormDemo\MediatorFormDemo.csproj", "{88472E21-A82F-42D8-B0BA-F72E2D335BF2}"
EndProject
Project("{9A19103F-16F7-4668-BE54-9A1E7A4F7556}") = "MediatRDemo", "MediatRDemo\MediatRDemo.csproj", "{F4DB8D50-3130-4EEF-BAC2-4EE3593CAFDC}"
EndProject
Project("{2150E333-8FDC-42A3-9474-1A3956D46DE8}") = "Xamarin", "Xamarin", "{A0849CEF-0782-4F78-9C20-0D4384C5E567}"
EndProject
Project("{2150E333-8FDC-42A3-9474-1A3956D46DE8}") = "WPF", "WPF", "{605C69B4-71D6-4932-B625-FD0F1D6C0C4D}"
EndProject
Project("{9A19103F-16F7-4668-BE54-9A1E7A4F7556}") = "WpfApp1", "WpfApp1\WpfApp1.csproj", "{C942511C-6EBF-4525-BADC-C57C75257C9A}"
EndProject
Project("{2150E333-8FDC-42A3-9474-1A3956D46DE8}") = "Patterns", "Patterns", "{10408D29-8876-43A1-BC8B-88CB9C470F0A}"
EndProject
Project("{2150E333-8FDC-42A3-9474-1A3956D46DE8}") = "Marketplace", "Marketplace", "{DC53E894-83B3-4CF7-B538-5C90848B6BBA}"
EndProject
Project("{9A19103F-16F7-4668-BE54-9A1E7A4F7556}") = "Marketplace.WebApi", "Marketplace.WebApi\Marketplace.WebApi.csproj", "{302BC2B4-3EB4-40F7-AAE7-C2E5A1039943}"
EndProject
Project("{9A19103F-16F7-4668-BE54-9A1E7A4F7556}") = "Marketplace.Domain", "Marketplace.Domain\Marketplace.Domain.csproj", "{83A7B2F1-5D56-4F44-9821-B5B4CA7869A6}"
EndProject
Project("{9A19103F-16F7-4668-BE54-9A1E7A4F7556}") = "Marketplace.Tests", "Marketplace.Tests\Marketplace.Tests.csproj", "{292F77A5-DAAC-45B3-9D4C-1B2B9CBDDC2C}"
EndProject
Project("{9A19103F-16F7-4668-BE54-9A1E7A4F7556}") = "Marketplace.Framework", "Marketplace.Framework\Marketplace.Framework.csproj", "{D1B83F74-3F6B-4104-A257-90E254F39BD2}"
EndProject
Project("{2150E333-8FDC-42A3-9474-1A3956D46DE8}") = "Tests", "Tests", "{1C4973A1-EB47-4BB7-832C-C27E1F2FA0F0}"
EndProject
Global
	GlobalSection(SolutionConfigurationPlatforms) = preSolution
		Debug|Any CPU = Debug|Any CPU
		Release|Any CPU = Release|Any CPU
	EndGlobalSection
	GlobalSection(ProjectConfigurationPlatforms) = postSolution
		{BE2EA97C-2B89-4B8B-8DEC-881AF88D2670}.Debug|Any CPU.ActiveCfg = Debug|Any CPU
		{BE2EA97C-2B89-4B8B-8DEC-881AF88D2670}.Debug|Any CPU.Build.0 = Debug|Any CPU
		{BE2EA97C-2B89-4B8B-8DEC-881AF88D2670}.Release|Any CPU.ActiveCfg = Release|Any CPU
		{BE2EA97C-2B89-4B8B-8DEC-881AF88D2670}.Release|Any CPU.Build.0 = Release|Any CPU
		{88472E21-A82F-42D8-B0BA-F72E2D335BF2}.Debug|Any CPU.ActiveCfg = Debug|Any CPU
		{88472E21-A82F-42D8-B0BA-F72E2D335BF2}.Debug|Any CPU.Build.0 = Debug|Any CPU
		{88472E21-A82F-42D8-B0BA-F72E2D335BF2}.Release|Any CPU.ActiveCfg = Release|Any CPU
		{88472E21-A82F-42D8-B0BA-F72E2D335BF2}.Release|Any CPU.Build.0 = Release|Any CPU
		{F4DB8D50-3130-4EEF-BAC2-4EE3593CAFDC}.Debug|Any CPU.ActiveCfg = Debug|Any CPU
		{F4DB8D50-3130-4EEF-BAC2-4EE3593CAFDC}.Debug|Any CPU.Build.0 = Debug|Any CPU
		{F4DB8D50-3130-4EEF-BAC2-4EE3593CAFDC}.Release|Any CPU.ActiveCfg = Release|Any CPU
		{F4DB8D50-3130-4EEF-BAC2-4EE3593CAFDC}.Release|Any CPU.Build.0 = Release|Any CPU
		{C942511C-6EBF-4525-BADC-C57C75257C9A}.Debug|Any CPU.ActiveCfg = Debug|Any CPU
		{C942511C-6EBF-4525-BADC-C57C75257C9A}.Debug|Any CPU.Build.0 = Debug|Any CPU
		{C942511C-6EBF-4525-BADC-C57C75257C9A}.Release|Any CPU.ActiveCfg = Release|Any CPU
		{C942511C-6EBF-4525-BADC-C57C75257C9A}.Release|Any CPU.Build.0 = Release|Any CPU
		{302BC2B4-3EB4-40F7-AAE7-C2E5A1039943}.Debug|Any CPU.ActiveCfg = Debug|Any CPU
		{302BC2B4-3EB4-40F7-AAE7-C2E5A1039943}.Debug|Any CPU.Build.0 = Debug|Any CPU
		{302BC2B4-3EB4-40F7-AAE7-C2E5A1039943}.Release|Any CPU.ActiveCfg = Release|Any CPU
		{302BC2B4-3EB4-40F7-AAE7-C2E5A1039943}.Release|Any CPU.Build.0 = Release|Any CPU
		{83A7B2F1-5D56-4F44-9821-B5B4CA7869A6}.Debug|Any CPU.ActiveCfg = Debug|Any CPU
		{83A7B2F1-5D56-4F44-9821-B5B4CA7869A6}.Debug|Any CPU.Build.0 = Debug|Any CPU
		{83A7B2F1-5D56-4F44-9821-B5B4CA7869A6}.Release|Any CPU.ActiveCfg = Release|Any CPU
		{83A7B2F1-5D56-4F44-9821-B5B4CA7869A6}.Release|Any CPU.Build.0 = Release|Any CPU
		{292F77A5-DAAC-45B3-9D4C-1B2B9CBDDC2C}.Debug|Any CPU.ActiveCfg = Debug|Any CPU
		{292F77A5-DAAC-45B3-9D4C-1B2B9CBDDC2C}.Debug|Any CPU.Build.0 = Debug|Any CPU
		{292F77A5-DAAC-45B3-9D4C-1B2B9CBDDC2C}.Release|Any CPU.ActiveCfg = Release|Any CPU
		{292F77A5-DAAC-45B3-9D4C-1B2B9CBDDC2C}.Release|Any CPU.Build.0 = Release|Any CPU
		{D1B83F74-3F6B-4104-A257-90E254F39BD2}.Debug|Any CPU.ActiveCfg = Debug|Any CPU
		{D1B83F74-3F6B-4104-A257-90E254F39BD2}.Debug|Any CPU.Build.0 = Debug|Any CPU
		{D1B83F74-3F6B-4104-A257-90E254F39BD2}.Release|Any CPU.ActiveCfg = Release|Any CPU
		{D1B83F74-3F6B-4104-A257-90E254F39BD2}.Release|Any CPU.Build.0 = Release|Any CPU
	EndGlobalSection
	GlobalSection(SolutionProperties) = preSolution
		HideSolutionNode = FALSE
	EndGlobalSection
	GlobalSection(NestedProjects) = preSolution
		{BE2EA97C-2B89-4B8B-8DEC-881AF88D2670} = {7E28FBBD-9972-41A2-95FA-000D5FF31112}
		{7E28FBBD-9972-41A2-95FA-000D5FF31112} = {10408D29-8876-43A1-BC8B-88CB9C470F0A}
		{88472E21-A82F-42D8-B0BA-F72E2D335BF2} = {7E28FBBD-9972-41A2-95FA-000D5FF31112}
		{F4DB8D50-3130-4EEF-BAC2-4EE3593CAFDC} = {7E28FBBD-9972-41A2-95FA-000D5FF31112}
		{C942511C-6EBF-4525-BADC-C57C75257C9A} = {605C69B4-71D6-4932-B625-FD0F1D6C0C4D}
		{302BC2B4-3EB4-40F7-AAE7-C2E5A1039943} = {DC53E894-83B3-4CF7-B538-5C90848B6BBA}
		{83A7B2F1-5D56-4F44-9821-B5B4CA7869A6} = {DC53E894-83B3-4CF7-B538-5C90848B6BBA}
		{292F77A5-DAAC-45B3-9D4C-1B2B9CBDDC2C} = {1C4973A1-EB47-4BB7-832C-C27E1F2FA0F0}
		{D1B83F74-3F6B-4104-A257-90E254F39BD2} = {DC53E894-83B3-4CF7-B538-5C90848B6BBA}
		{1C4973A1-EB47-4BB7-832C-C27E1F2FA0F0} = {DC53E894-83B3-4CF7-B538-5C90848B6BBA}
	EndGlobalSection
	GlobalSection(ExtensibilityGlobals) = postSolution
		SolutionGuid = {33F820E3-6B95-4B73-A6B6-AE838F787713}
	EndGlobalSection
EndGlobal
